
Microsoft Visual Studio Solution File, Format Version 12.00
# Visual Studio Version 16
VisualStudioVersion = 16.0.30128.74
MinimumVisualStudioVersion = 10.0.40219.1
Project("{FAE04EC0-301F-11D3-BF4B-00C04F79EFBC}") = "18.10.21", "18.10.21\18.10.21.csproj", "{8AC09F66-CEAE-41CF-A951-A5E67A7FF434}"
EndProject
Global
	GlobalSection(SolutionConfigurationPlatforms) = preSolution
		Debug|Any CPU = Debug|Any CPU
		Release|Any CPU = Release|Any CPU
	EndGlobalSection
	GlobalSection(ProjectConfigurationPlatforms) = postSolution
		{8AC09F66-CEAE-41CF-A951-A5E67A7FF434}.Debug|Any CPU.ActiveCfg = Debug|Any CPU
		{8AC09F66-CEAE-41CF-A951-A5E67A7FF434}.Debug|Any CPU.Build.0 = Debug|Any CPU
		{8AC09F66-CEAE-41CF-A951-A5E67A7FF434}.Release|Any CPU.ActiveCfg = Release|Any CPU
		{8AC09F66-CEAE-41CF-A951-A5E67A7FF434}.Release|Any CPU.Build.0 = Release|Any CPU
	EndGlobalSection
	GlobalSection(SolutionProperties) = preSolution
		HideSolutionNode = FALSE
	EndGlobalSection
	GlobalSection(ExtensibilityGlobals) = postSolution
		SolutionGuid = {CC666E27-6F13-4987-822D-30474755F38D}
	EndGlobalSection
EndGlobal
